# This file is automatically @generated by Cargo.
# It is not intended for manual editing.
[[package]]
name = "loony-http"
version = "0.1.0"

[[package]]
name = "loony-server"
version = "0.1.0"
dependencies = [
 "loony-http",
]

[[package]]
name = "loony-test"
version = "0.1.0"

[[package]]
name = "loony-web"
version = "0.1.0"
dependencies = [
 "loony-http",
 "loony-server",
 "loony-test",
]
